// !$*UTF8*$!
{
	archiveVersion = 1;
	classes = {
	};
	objectVersion = 77;
	objects = {

/* Begin PBXContainerItemProxy section */
		767184692F7EEBF7005B995B /* PBXContainerItemProxy */ = {
			isa = PBXContainerItemProxy;
			containerPortal = 767184532F7EEBF6005B995B /* Project object */;
			proxyType = 1;
			remoteGlobalIDString = 7671845A2F7EEBF6005B995B;
			remoteInfo = SheGo;
		};
		767184732F7EEBF7005B995B /* PBXContainerItemProxy */ = {
			isa = PBXContainerItemProxy;
			containerPortal = 767184532F7EEBF6005B995B /* Project object */;
			proxyType = 1;
			remoteGlobalIDString = 7671845A2F7EEBF6005B995B;
			remoteInfo = SheGo;
		};
/* End PBXContainerItemProxy section */

/* Begin PBXFileReference section */
		7671845B2F7EEBF6005B995B /* SheGo.app */ = {isa = PBXFileReference; explicitFileType = wrapper.application; includeInIndex = 0; path = SheGo.app; sourceTree = BUILT_PRODUCTS_DIR; };
		767184682F7EEBF7005B995B /* SheGoTests.xctest */ = {isa = PBXFileReference; explicitFileType = wrapper.cfbundle; includeInIndex = 0; path = SheGoTests.xctest; sourceTree = BUILT_PRODUCTS_DIR; };
		767184722F7EEBF7005B995B /* SheGoUITests.xctest */ = {isa = PBXFileReference; explicitFileType = wrapper.cfbundle; includeInIndex = 0; path = SheGoUITests.xctest; sourceTree = BUILT_PRODUCTS_DIR; };
/* End PBXFileReference section */

/* Begin PBXFileSystemSynchronizedBuildFileExceptionSet section */
		7692292A2F89891000FC953E /* Exceptions for "SheGoTests" folder in "SheGo" target */ = {
			isa = PBXFileSystemSynchronizedBuildFileExceptionSet;
			membershipExceptions = (
				SheGoApp.swift,
			);
			target = 7671845A2F7EEBF6005B995B /* SheGo */;
		};
		7692292B2F89891000FC953E /* Exceptions for "SheGoTests" folder in "SheGoTests" target */ = {
			isa = PBXFileSystemSynchronizedBuildFileExceptionSet;
			membershipExceptions = (
				SheGoApp.swift,
			);
			target = 767184672F7EEBF7005B995B /* SheGoTests */;
		};
		76B22F6B2F857C8D008172FE /* Exceptions for "SheGo" folder in "SheGo" target */ = {
			isa = PBXFileSystemSynchronizedBuildFileExceptionSet;
			membershipExceptions = (
				Assets.xcassets,
				BuscandoView.swift,
				CadastroView.swift,
				ContentView.swift,
				EscolhaMotorista.swift,
				EscolhaUsuarioView.swift,
				"fonts/Karla-ExtraBold.ttf",
				HomepageView.swift,
				LoginView.swift,
				PedirCorridaView.swift,
			);
			target = 7671845A2F7EEBF6005B995B /* SheGo */;
		};
		76B22F6C2F857C8D008172FE /* Exceptions for "SheGo" folder in "SheGoUITests" target */ = {
			isa = PBXFileSystemSynchronizedBuildFileExceptionSet;
			membershipExceptions = (
				Assets.xcassets,
				BuscandoView.swift,
				CadastroView.swift,
				ContentView.swift,
				EscolhaMotorista.swift,
				EscolhaUsuarioView.swift,
				HomepageView.swift,
				LoginView.swift,
				PedirCorridaView.swift,
			);
			target = 767184712F7EEBF7005B995B /* SheGoUITests */;
		};
/* End PBXFileSystemSynchronizedBuildFileExceptionSet section */

/* Begin PBXFileSystemSynchronizedRootGroup section */
		7671846B2F7EEBF7005B995B /* SheGoTests */ = {
			isa = PBXFileSystemSynchronizedRootGroup;
			exceptions = (
				7692292A2F89891000FC953E /* Exceptions for "SheGoTests" folder in "SheGo" target */,
				7692292B2F89891000FC953E /* Exceptions for "SheGoTests" folder in "SheGoTests" target */,
			);
			path = SheGoTests;
			sourceTree = "<group>";
		};
		767184752F7EEBF7005B995B /* SheGoUITests */ = {
			isa = PBXFileSystemSynchronizedRootGroup;
			path = SheGoUITests;
			sourceTree = "<group>";
		};
		76B22F662F857C8D008172FE /* SheGo */ = {
			isa = PBXFileSystemSynchronizedRootGroup;
			exceptions = (
				76B22F6B2F857C8D008172FE /* Exceptions for "SheGo" folder in "SheGo" target */,
				76B22F6C2F857C8D008172FE /* Exceptions for "SheGo" folder in "SheGoUITests" target */,
			);
			path = SheGo;
			sourceTree = "<group>";
		};
/* End PBXFileSystemSynchronizedRootGroup section */

/* Begin PBXFrameworksBuildPhase section */
		767184582F7EEBF6005B995B /* Frameworks */ = {
			isa = PBXFrameworksBuildPhase;
			buildActionMask = 2147483647;
			files = (
			);
			runOnlyForDeploymentPostprocessing = 0;
		};
		767184652F7EEBF7005B995B /* Frameworks */ = {
			isa = PBXFrameworksBuildPhase;
			buildActionMask = 2147483647;
			files = (
			);
			runOnlyForDeploymentPostprocessing = 0;
		};
		7671846F2F7EEBF7005B995B /* Frameworks */ = {
			isa = PBXFrameworksBuildPhase;
			buildActionMask = 2147483647;
			files = (
			);
			runOnlyForDeploymentPostprocessing = 0;
		};
/* End PBXFrameworksBuildPhase section */

/* Begin PBXGroup section */
		767184522F7EEBF6005B995B = {
			isa = PBXGroup;
			children = (
				76B22F662F857C8D008172FE /* SheGo */,
				7671846B2F7EEBF7005B995B /* SheGoTests */,
				767184752F7EEBF7005B995B /* SheGoUITests */,
				7671845C2F7EEBF6005B995B /* Products */,
			);
			sourceTree = "<group>";
		};
		7671845C2F7EEBF6005B995B /* Products */ = {
			isa = PBXGroup;
			children = (
				7671845B2F7EEBF6005B995B /* SheGo.app */,
				767184682F7EEBF7005B995B /* SheGoTests.xctest */,
				767184722F7EEBF7005B995B /* SheGoUITests.xctest */,
			);
			name = Products;
			sourceTree = "<group>";
		};
/* End PBXGroup section */

/* Begin PBXNativeTarget section */
		7671845A2F7EEBF6005B995B /* SheGo */ = {
			isa = PBXNativeTarget;
			buildConfigurationList = 7671847C2F7EEBF7005B995B /* Build configuration list for PBXNativeTarget "SheGo" */;
			buildPhases = (
				767184572F7EEBF6005B995B /* Sources */,
				767184582F7EEBF6005B995B /* Frameworks */,
				767184592F7EEBF6005B995B /* Resources */,
			);
			buildRules = (
			);
			dependencies = (
			);
			name = SheGo;
			packageProductDependencies = (
			);
			productName = SheGo;
			productReference = 7671845B2F7EEBF6005B995B /* SheGo.app */;
			productType = "com.apple.product-type.application";
		};
		767184672F7EEBF7005B995B /* SheGoTests */ = {
			isa = PBXNativeTarget;
			buildConfigurationList = 7671847F2F7EEBF7005B995B /* Build configuration list for PBXNativeTarget "SheGoTests" */;
			buildPhases = (
				767184642F7EEBF7005B995B /* Sources */,
				767184652F7EEBF7005B995B /* Frameworks */,
				767184662F7EEBF7005B995B /* Resources */,
			);
			buildRules = (
			);
			dependencies = (
				7671846A2F7EEBF7005B995B /* PBXTargetDependency */,
			);
			fileSystemSynchronizedGroups = (
				7671846B2F7EEBF7005B995B /* SheGoTests */,
			);
			name = SheGoTests;
			packageProductDependencies = (
			);
			productName = SheGoTests;
			productReference = 767184682F7EEBF7005B995B /* SheGoTests.xctest */;
			productType = "com.apple.product-type.bundle.unit-test";
		};
		767184712F7EEBF7005B995B /* SheGoUITests */ = {
			isa = PBXNativeTarget;
			buildConfigurationList = 767184822F7EEBF7005B995B /* Build configuration list for PBXNativeTarget "SheGoUITests" */;
			buildPhases = (
				7671846E2F7EEBF7005B995B /* Sources */,
				7671846F2F7EEBF7005B995B /* Frameworks */,
				767184702F7EEBF7005B995B /* Resources */,
			);
			buildRules = (
			);
			dependencies = (
				767184742F7EEBF7005B995B /* PBXTargetDependency */,
			);
			fileSystemSynchronizedGroups = (
				767184752F7EEBF7005B995B /* SheGoUITests */,
				76B22F662F857C8D008172FE /* SheGo */,
			);
			name = SheGoUITests;
			packageProductDependencies = (
			);
			productName = SheGoUITests;
			productReference = 767184722F7EEBF7005B995B /* SheGoUITests.xctest */;
			productType = "com.apple.product-type.bundle.ui-testing";
		};
/* End PBXNativeTarget section */

/* Begin PBXProject section */
		767184532F7EEBF6005B995B /* Project object */ = {
			isa = PBXProject;
			attributes = {
				BuildIndependentTargetsInParallel = 1;
				LastSwiftUpdateCheck = 2620;
				LastUpgradeCheck = 2620;
				TargetAttributes = {
					7671845A2F7EEBF6005B995B = {
						CreatedOnToolsVersion = 26.2;
					};
					767184672F7EEBF7005B995B = {
						CreatedOnToolsVersion = 26.2;
						TestTargetID = 7671845A2F7EEBF6005B995B;
					};
					767184712F7EEBF7005B995B = {
						CreatedOnToolsVersion = 26.2;
						TestTargetID = 7671845A2F7EEBF6005B995B;
					};
				};
			};
			buildConfigurationList = 767184562F7EEBF6005B995B /* Build configuration list for PBXProject "SheGo" */;
			developmentRegion = en;
			hasScannedForEncodings = 0;
			knownRegions = (
				en,
				Base,
			);
			mainGroup = 767184522F7EEBF6005B995B;
			minimizedProjectReferenceProxies = 1;
			preferredProjectObjectVersion = 77;
			productRefGroup = 7671845C2F7EEBF6005B995B /* Products */;
			projectDirPath = "";
			projectRoot = "";
			targets = (
				7671845A2F7EEBF6005B995B /* SheGo */,
				767184672F7EEBF7005B995B /* SheGoTests */,
				767184712F7EEBF7005B995B /* SheGoUITests */,
			);
		};
/* End PBXProject section */

/* Begin PBXResourcesBuildPhase section */
		767184592F7EEBF6005B995B /* Resources */ = {
			isa = PBXResourcesBuildPhase;
			buildActionMask = 2147483647;
			files = (
			);
			runOnlyForDeploymentPostprocessing = 0;
		};
		767184662F7EEBF7005B995B /* Resources */ = {
			isa = PBXResourcesBuildPhase;
			buildActionMask = 2147483647;
			files = (
			);
			runOnlyForDeploymentPostprocessing = 0;
		};
		767184702F7EEBF7005B995B /* Resources */ = {
			isa = PBXResourcesBuildPhase;
			buildActionMask = 2147483647;
			files = (
			);
			runOnlyForDeploymentPostprocessing = 0;
		};
/* End PBXResourcesBuildPhase section */

/* Begin PBXSourcesBuildPhase section */
		767184572F7EEBF6005B995B /* Sources */ = {
			isa = PBXSourcesBuildPhase;
			buildActionMask = 2147483647;
			files = (
			);
			runOnlyForDeploymentPostprocessing = 0;
		};
		767184642F7EEBF7005B995B /* Sources */ = {
			isa = PBXSourcesBuildPhase;
			buildActionMask = 2147483647;
			files = (
			);
			runOnlyForDeploymentPostprocessing = 0;
		};
		7671846E2F7EEBF7005B995B /* Sources */ = {
			isa = PBXSourcesBuildPhase;
			buildActionMask = 2147483647;
			files = (
			);
			runOnlyForDeploymentPostprocessing = 0;
		};
/* End PBXSourcesBuildPhase section */

/* Begin PBXTargetDependency section */
		7671846A2F7EEBF7005B995B /* PBXTargetDependency */ = {
			isa = PBXTargetDependency;
			target = 7671845A2F7EEBF6005B995B /* SheGo */;
			targetProxy = 767184692F7EEBF7005B995B /* PBXContainerItemProxy */;
		};
		767184742F7EEBF7005B995B /* PBXTargetDependency */ = {
			isa = PBXTargetDependency;
			target = 7671845A2F7EEBF6005B995B /* SheGo */;
			targetProxy = 767184732F7EEBF7005B995B /* PBXContainerItemProxy */;
		};
/* End PBXTargetDependency section */

/* Begin XCBuildConfiguration section */
		7671847A2F7EEBF7005B995B /* Debug */ = {
			isa = XCBuildConfiguration;
			buildSettings = {
				ALWAYS_SEARCH_USER_PATHS = NO;
				ASSETCATALOG_COMPILER_GENERATE_SWIFT_ASSET_SYMBOL_EXTENSIONS = YES;
				CLANG_ANALYZER_NONNULL = YES;
				CLANG_ANALYZER_NUMBER_OBJECT_CONVERSION = YES_AGGRESSIVE;
				CLANG_CXX_LANGUAGE_STANDARD = "gnu++20";
				CLANG_ENABLE_MODULES = YES;
				CLANG_ENABLE_OBJC_ARC = YES;
				CLANG_ENABLE_OBJC_WEAK = YES;
				CLANG_WARN_BLOCK_CAPTURE_AUTORELEASING = YES;
				CLANG_WARN_BOOL_CONVERSION = YES;
				CLANG_WARN_COMMA = YES;
				CLANG_WARN_CONSTANT_CONVERSION = YES;
				CLANG_WARN_DEPRECATED_OBJC_IMPLEMENTATIONS = YES;
				CLANG_WARN_DIRECT_OBJC_ISA_USAGE = YES_ERROR;
				CLANG_WARN_DOCUMENTATION_COMMENTS = YES;
				CLANG_WARN_EMPTY_BODY = YES;
				CLANG_WARN_ENUM_CONVERSION = YES;
				CLANG_WARN_INFINITE_RECURSION = YES;
				CLANG_WARN_INT_CONVERSION = YES;
				CLANG_WARN_NON_LITERAL_NULL_CONVERSION = YES;
				CLANG_WARN_OBJC_IMPLICIT_RETAIN_SELF = YES;
				CLANG_WARN_OBJC_LITERAL_CONVERSION = YES;
				CLANG_WARN_OBJC_ROOT_CLASS = YES_ERROR;
				CLANG_WARN_QUOTED_INCLUDE_IN_FRAMEWORK_HEADER = YES;
				CLANG_WARN_RANGE_LOOP_ANALYSIS = YES;
				CLANG_WARN_STRICT_PROTOTYPES = YES;
				CLANG_WARN_SUSPICIOUS_MOVE = YES;
				CLANG_WARN_UNGUARDED_AVAILABILITY = YES_AGGRESSIVE;
				CLANG_WARN_UNREACHABLE_CODE = YES;
				CLANG_WARN__DUPLICATE_METHOD_MATCH = YES;
				COPY_PHASE_STRIP = NO;
				DEBUG_INFORMATION_FORMAT = dwarf;
				ENABLE_STRICT_OBJC_MSGSEND = YES;
				ENABLE_TESTABILITY = YES;
				ENABLE_USER_SCRIPT_SANDBOXING = YES;
				GCC_C_LANGUAGE_STANDARD = gnu17;
				GCC_DYNAMIC_NO_PIC = NO;
				GCC_NO_COMMON_BLOCKS = YES;
				GCC_OPTIMIZATION_LEVEL = 0;
				GCC_PREPROCESSOR_DEFINITIONS = (
					"DEBUG=1",
					"$(inherited)",
				);
				GCC_WARN_64_TO_32_BIT_CONVERSION = YES;
				GCC_WARN_ABOUT_RETURN_TYPE = YES_ERROR;
				GCC_WARN_UNDECLARED_SELECTOR = YES;
				GCC_WARN_UNINITIALIZED_AUTOS = YES_AGGRESSIVE;
				GCC_WARN_UNUSED_FUNCTION = YES;
				GCC_WARN_UNUSED_VARIABLE = YES;
				IPHONEOS_DEPLOYMENT_TARGET = 26.2;
				LOCALIZATION_PREFERS_STRING_CATALOGS = YES;
				MTL_ENABLE_DEBUG_INFO = INCLUDE_SOURCE;
				MTL_FAST_MATH = YES;
				ONLY_ACTIVE_ARCH = YES;
				SDKROOT = iphoneos;
				SWIFT_ACTIVE_COMPILATION_CONDITIONS = "DEBUG $(inherited)";
				SWIFT_OPTIMIZATION_LEVEL = "-Onone";
			};
			name = Debug;
		};
		7671847B2F7EEBF7005B995B /* Release */ = {
			isa = XCBuildConfiguration;
			buildSettings = {
				ALWAYS_SEARCH_USER_PATHS = NO;
				ASSETCATALOG_COMPILER_GENERATE_SWIFT_ASSET_SYMBOL_EXTENSIONS = YES;
				CLANG_ANALYZER_NONNULL = YES;
				CLANG_ANALYZER_NUMBER_OBJECT_CONVERSION = YES_AGGRESSIVE;
				CLANG_CXX_LANGUAGE_STANDARD = "gnu++20";
				CLANG_ENABLE_MODULES = YES;
				CLANG_ENABLE_OBJC_ARC = YES;
				CLANG_ENABLE_OBJC_WEAK = YES;
				CLANG_WARN_BLOCK_CAPTURE_AUTORELEASING = YES;
				CLANG_WARN_BOOL_CONVERSION = YES;
				CLANG_WARN_COMMA = YES;
				CLANG_WARN_CONSTANT_CONVERSION = YES;
				CLANG_WARN_DEPRECATED_OBJC_IMPLEMENTATIONS = YES;
				CLANG_WARN_DIRECT_OBJC_ISA_USAGE = YES_ERROR;
				CLANG_WARN_DOCUMENTATION_COMMENTS = YES;
				CLANG_WARN_EMPTY_BODY = YES;
				CLANG_WARN_ENUM_CONVERSION = YES;
				CLANG_WARN_INFINITE_RECURSION = YES;
				CLANG_WARN_INT_CONVERSION = YES;
				CLANG_WARN_NON_LITERAL_NULL_CONVERSION = YES;
				CLANG_WARN_OBJC_IMPLICIT_RETAIN_SELF = YES;
				CLANG_WARN_OBJC_LITERAL_CONVERSION = YES;
				CLANG_WARN_OBJC_ROOT_CLASS = YES_ERROR;
				CLANG_WARN_QUOTED_INCLUDE_IN_FRAMEWORK_HEADER = YES;
				CLANG_WARN_RANGE_LOOP_ANALYSIS = YES;
				CLANG_WARN_STRICT_PROTOTYPES = YES;
				CLANG_WARN_SUSPICIOUS_MOVE = YES;
				CLANG_WARN_UNGUARDED_AVAILABILITY = YES_AGGRESSIVE;
				CLANG_WARN_UNREACHABLE_CODE = YES;
				CLANG_WARN__DUPLICATE_METHOD_MATCH = YES;
				COPY_PHASE_STRIP = NO;
				DEBUG_INFORMATION_FORMAT = "dwarf-with-dsym";
				ENABLE_NS_ASSERTIONS = NO;
				ENABLE_STRICT_OBJC_MSGSEND = YES;
				ENABLE_USER_SCRIPT_SANDBOXING = YES;
				GCC_C_LANGUAGE_STANDARD = gnu17;
				GCC_NO_COMMON_BLOCKS = YES;
				GCC_WARN_64_TO_32_BIT_CONVERSION = YES;
				GCC_WARN_ABOUT_RETURN_TYPE = YES_ERROR;
				GCC_WARN_UNDECLARED_SELECTOR = YES;
				GCC_WARN_UNINITIALIZED_AUTOS = YES_AGGRESSIVE;
				GCC_WARN_UNUSED_FUNCTION = YES;
				GCC_WARN_UNUSED_VARIABLE = YES;
				IPHONEOS_DEPLOYMENT_TARGET = 26.2;
				LOCALIZATION_PREFERS_STRING_CATALOGS = YES;
				MTL_ENABLE_DEBUG_INFO = NO;
				MTL_FAST_MATH = YES;
				SDKROOT = iphoneos;
				SWIFT_COMPILATION_MODE = wholemodule;
				VALIDATE_PRODUCT = YES;
			};
			name = Release;
		};
		7671847D2F7EEBF7005B995B /* Debug */ = {
			isa = XCBuildConfiguration;
			buildSettings = {
				ASSETCATALOG_COMPILER_APPICON_NAME = AppIcon;
				ASSETCATALOG_COMPILER_GLOBAL_ACCENT_COLOR_NAME = AccentColor;
				CODE_SIGN_STYLE = Automatic;
				CURRENT_PROJECT_VERSION = 1;
				ENABLE_PREVIEWS = YES;
				GENERATE_INFOPLIST_FILE = YES;
				INFOPLIST_FILE = SheGo/Info.plist;
				INFOPLIST_KEY_UIApplicationSupportsIndirectInputEvents = YES;
				INFOPLIST_KEY_UILaunchScreen_Generation = YES;
				INFOPLIST_KEY_UISupportedInterfaceOrientations_iPad = "UIInterfaceOrientationPortrait UIInterfaceOrientationPortraitUpsideDown UIInterfaceOrientationLandscapeLeft UIInterfaceOrientationLandscapeRight";
				INFOPLIST_KEY_UISupportedInterfaceOrientations_iPhone = "UIInterfaceOrientationPortrait UIInterfaceOrientationLandscapeLeft UIInterfaceOrientationLandscapeRight";
				LD_RUNPATH_SEARCH_PATHS = (
					"$(inherited)",
					"@executable_path/Frameworks",
				);
				MARKETING_VERSION = 1.0;
				PRODUCT_BUNDLE_IDENTIFIER = com.isabella.SheGo;
				PRODUCT_NAME = "$(TARGET_NAME)";
				STRING_CATALOG_GENERATE_SYMBOLS = YES;
				SWIFT_APPROACHABLE_CONCURRENCY = YES;
				SWIFT_DEFAULT_ACTOR_ISOLATION = MainActor;
				SWIFT_EMIT_LOC_STRINGS = YES;
				SWIFT_UPCOMING_FEATURE_MEMBER_IMPORT_VISIBILITY = YES;
				SWIFT_VERSION = 5.0;
				TARGETED_DEVICE_FAMILY = "1,2";
			};
			name = Debug;
		};
		7671847E2F7EEBF7005B995B /* Release */ = {
			isa = XCBuildConfiguration;
			buildSettings = {
				ASSETCATALOG_COMPILER_APPICON_NAME = AppIcon;
				ASSETCATALOG_COMPILER_GLOBAL_ACCENT_COLOR_NAME = AccentColor;
				CODE_SIGN_STYLE = Automatic;
				CURRENT_PROJECT_VERSION = 1;
				ENABLE_PREVIEWS = YES;
				GENERATE_INFOPLIST_FILE = YES;
				INFOPLIST_FILE = SheGo/Info.plist;
				INFOPLIST_KEY_UIApplicationSupportsIndirectInputEvents = YES;
				INFOPLIST_KEY_UILaunchScreen_Generation = YES;
				INFOPLIST_KEY_UISupportedInterfaceOrientations_iPad = "UIInterfaceOrientationPortrait UIInterfaceOrientationPortraitUpsideDown UIInterfaceOrientationLandscapeLeft UIInterfaceOrientationLandscapeRight";
				INFOPLIST_KEY_UISupportedInterfaceOrientations_iPhone = "UIInterfaceOrientationPortrait UIInterfaceOrientationLandscapeLeft UIInterfaceOrientationLandscapeRight";
				LD_RUNPATH_SEARCH_PATHS = (
					"$(inherited)",
					"@executable_path/Frameworks",
				);
				MARKETING_VERSION = 1.0;
				PRODUCT_BUNDLE_IDENTIFIER = com.isabella.SheGo;
				PRODUCT_NAME = "$(TARGET_NAME)";
				STRING_CATALOG_GENERATE_SYMBOLS = YES;
				SWIFT_APPROACHABLE_CONCURRENCY = YES;
				SWIFT_DEFAULT_ACTOR_ISOLATION = MainActor;
				SWIFT_EMIT_LOC_STRINGS = YES;
				SWIFT_UPCOMING_FEATURE_MEMBER_IMPORT_VISIBILITY = YES;
				SWIFT_VERSION = 5.0;
				TARGETED_DEVICE_FAMILY = "1,2";
			};
			name = Release;
		};
		767184802F7EEBF7005B995B /* Debug */ = {
			isa = XCBuildConfiguration;
			buildSettings = {
				BUNDLE_LOADER = "$(TEST_HOST)";
				CODE_SIGN_STYLE = Automatic;
				CURRENT_PROJECT_VERSION = 1;
				GENERATE_INFOPLIST_FILE = YES;
				IPHONEOS_DEPLOYMENT_TARGET = 26.2;
				MARKETING_VERSION = 1.0;
				PRODUCT_BUNDLE_IDENTIFIER = com.isabella.SheGoTests;
				PRODUCT_NAME = "$(TARGET_NAME)";
				STRING_CATALOG_GENERATE_SYMBOLS = NO;
				SWIFT_APPROACHABLE_CONCURRENCY = YES;
				SWIFT_EMIT_LOC_STRINGS = NO;
				SWIFT_UPCOMING_FEATURE_MEMBER_IMPORT_VISIBILITY = YES;
				SWIFT_VERSION = 5.0;
				TARGETED_DEVICE_FAMILY = "1,2";
				TEST_HOST = "$(BUILT_PRODUCTS_DIR)/SheGo.app/$(BUNDLE_EXECUTABLE_FOLDER_PATH)/SheGo";
			};
			name = Debug;
		};
		767184812F7EEBF7005B995B /* Release */ = {
			isa = XCBuildConfiguration;
			buildSettings = {
				BUNDLE_LOADER = "$(TEST_HOST)";
				CODE_SIGN_STYLE = Automatic;
				CURRENT_PROJECT_VERSION = 1;
				GENERATE_INFOPLIST_FILE = YES;
				IPHONEOS_DEPLOYMENT_TARGET = 26.2;
				MARKETING_VERSION = 1.0;
				PRODUCT_BUNDLE_IDENTIFIER = com.isabella.SheGoTests;
				PRODUCT_NAME = "$(TARGET_NAME)";
				STRING_CATALOG_GENERATE_SYMBOLS = NO;
				SWIFT_APPROACHABLE_CONCURRENCY = YES;
				SWIFT_EMIT_LOC_STRINGS = NO;
				SWIFT_UPCOMING_FEATURE_MEMBER_IMPORT_VISIBILITY = YES;
				SWIFT_VERSION = 5.0;
				TARGETED_DEVICE_FAMILY = "1,2";
				TEST_HOST = "$(BUILT_PRODUCTS_DIR)/SheGo.app/$(BUNDLE_EXECUTABLE_FOLDER_PATH)/SheGo";
			};
			name = Release;
		};
		767184832F7EEBF7005B995B /* Debug */ = {
			isa = XCBuildConfiguration;
			buildSettings = {
				CODE_SIGN_STYLE = Automatic;
				CURRENT_PROJECT_VERSION = 1;
				GENERATE_INFOPLIST_FILE = YES;
				MARKETING_VERSION = 1.0;
				PRODUCT_BUNDLE_IDENTIFIER = com.isabella.SheGoUITests;
				PRODUCT_NAME = "$(TARGET_NAME)";
				STRING_CATALOG_GENERATE_SYMBOLS = NO;
				SWIFT_APPROACHABLE_CONCURRENCY = YES;
				SWIFT_EMIT_LOC_STRINGS = NO;
				SWIFT_UPCOMING_FEATURE_MEMBER_IMPORT_VISIBILITY = YES;
				SWIFT_VERSION = 5.0;
				TARGETED_DEVICE_FAMILY = "1,2";
				TEST_TARGET_NAME = SheGo;
			};
			name = Debug;
		};
		767184842F7EEBF7005B995B /* Release */ = {
			isa = XCBuildConfiguration;
			buildSettings = {
				CODE_SIGN_STYLE = Automatic;
				CURRENT_PROJECT_VERSION = 1;
				GENERATE_INFOPLIST_FILE = YES;
				MARKETING_VERSION = 1.0;
				PRODUCT_BUNDLE_IDENTIFIER = com.isabella.SheGoUITests;
				PRODUCT_NAME = "$(TARGET_NAME)";
				STRING_CATALOG_GENERATE_SYMBOLS = NO;
				SWIFT_APPROACHABLE_CONCURRENCY = YES;
				SWIFT_EMIT_LOC_STRINGS = NO;
				SWIFT_UPCOMING_FEATURE_MEMBER_IMPORT_VISIBILITY = YES;
				SWIFT_VERSION = 5.0;
				TARGETED_DEVICE_FAMILY = "1,2";
				TEST_TARGET_NAME = SheGo;
			};
			name = Release;
		};
/* End XCBuildConfiguration section */

/* Begin XCConfigurationList section */
		767184562F7EEBF6005B995B /* Build configuration list for PBXProject "SheGo" */ = {
			isa = XCConfigurationList;
			buildConfigurations = (
				7671847A2F7EEBF7005B995B /* Debug */,
				7671847B2F7EEBF7005B995B /* Release */,
			);
			defaultConfigurationIsVisible = 0;
			defaultConfigurationName = Release;
		};
		7671847C2F7EEBF7005B995B /* Build configuration list for PBXNativeTarget "SheGo" */ = {
			isa = XCConfigurationList;
			buildConfigurations = (
				7671847D2F7EEBF7005B995B /* Debug */,
				7671847E2F7EEBF7005B995B /* Release */,
			);
			defaultConfigurationIsVisible = 0;
			defaultConfigurationName = Release;
		};
		7671847F2F7EEBF7005B995B /* Build configuration list for PBXNativeTarget "SheGoTests" */ = {
			isa = XCConfigurationList;
			buildConfigurations = (
				767184802F7EEBF7005B995B /* Debug */,
				767184812F7EEBF7005B995B /* Release */,
			);
			defaultConfigurationIsVisible = 0;
			defaultConfigurationName = Release;
		};
		767184822F7EEBF7005B995B /* Build configuration list for PBXNativeTarget "SheGoUITests" */ = {
			isa = XCConfigurationList;
			buildConfigurations = (
				767184832F7EEBF7005B995B /* Debug */,
				767184842F7EEBF7005B995B /* Release */,
			);
			defaultConfigurationIsVisible = 0;
			defaultConfigurationName = Release;
		};
/* End XCConfigurationList section */
	};
	rootObject = 767184532F7EEBF6005B995B /* Project object */;
}
